
Microsoft Visual Studio Solution File, Format Version 12.00
# Visual Studio Version 16
VisualStudioVersion = 16.0.30204.135
MinimumVisualStudioVersion = 10.0.40219.1
Project("{FAE04EC0-301F-11D3-BF4B-00C04F79EFBC}") = "web_shop", "web_shop.csproj", "{36E413BB-D0B6-40DC-8D67-49D644EA3B2A}"
EndProject
Global
	GlobalSection(SolutionConfigurationPlatforms) = preSolution
		Debug|Any CPU = Debug|Any CPU
		Release|Any CPU = Release|Any CPU
	EndGlobalSection
	GlobalSection(ProjectConfigurationPlatforms) = postSolution
		{36E413BB-D0B6-40DC-8D67-49D644EA3B2A}.Debug|Any CPU.ActiveCfg = Debug|Any CPU
		{36E413BB-D0B6-40DC-8D67-49D644EA3B2A}.Debug|Any CPU.Build.0 = Debug|Any CPU
		{36E413BB-D0B6-40DC-8D67-49D644EA3B2A}.Release|Any CPU.ActiveCfg = Release|Any CPU
		{36E413BB-D0B6-40DC-8D67-49D644EA3B2A}.Release|Any CPU.Build.0 = Release|Any CPU
	EndGlobalSection
	GlobalSection(SolutionProperties) = preSolution
		HideSolutionNode = FALSE
	EndGlobalSection
	GlobalSection(ExtensibilityGlobals) = postSolution
		SolutionGuid = {CBDF9169-2F50-4139-8771-D5EEEF6111C1}
	EndGlobalSection
EndGlobal
